
Microsoft Visual Studio Solution File, Format Version 12.00
# Visual Studio Version 17
VisualStudioVersion = 17.8.34330.188
MinimumVisualStudioVersion = 10.0.40219.1
Project("{FAE04EC0-301F-11D3-BF4B-00C04F79EFBC}") = "WebProje1", "WebProje1\WebProje1.csproj", "{E6BF9EA6-82EA-4FCD-93CA-21762E143FC5}"
EndProject
Global
	GlobalSection(SolutionConfigurationPlatforms) = preSolution
		Debug|Any CPU = Debug|Any CPU
		Release|Any CPU = Release|Any CPU
	EndGlobalSection
	GlobalSection(ProjectConfigurationPlatforms) = postSolution
		{E6BF9EA6-82EA-4FCD-93CA-21762E143FC5}.Debug|Any CPU.ActiveCfg = Debug|Any CPU
		{E6BF9EA6-82EA-4FCD-93CA-21762E143FC5}.Debug|Any CPU.Build.0 = Debug|Any CPU
		{E6BF9EA6-82EA-4FCD-93CA-21762E143FC5}.Release|Any CPU.ActiveCfg = Release|Any CPU
		{E6BF9EA6-82EA-4FCD-93CA-21762E143FC5}.Release|Any CPU.Build.0 = Release|Any CPU
	EndGlobalSection
	GlobalSection(SolutionProperties) = preSolution
		HideSolutionNode = FALSE
	EndGlobalSection
	GlobalSection(ExtensibilityGlobals) = postSolution
		SolutionGuid = {3E026CAF-9121-4862-9BA7-9F1EED56E70B}
	EndGlobalSection
EndGlobal
